
Microsoft Visual Studio Solution File, Format Version 12.00
# Visual Studio Version 17
VisualStudioVersion = 17.6.33801.468
MinimumVisualStudioVersion = 10.0.40219.1
Project("{E24C65DC-7377-472B-9ABA-BC803B73C61A}") = "Основы_JavaScript", "http://localhost:57209", "{9F5CCA7D-203C-4229-A976-5208A37048DC}"
	ProjectSection(WebsiteProperties) = preProject
		UseIISExpress = "true"
		TargetFrameworkMoniker = ".NETFramework,Version%3Dv4.8"
		Debug.AspNetCompiler.VirtualPath = "/localhost_57209"
		Debug.AspNetCompiler.PhysicalPath = "..\..\..\Documents\My Web Sites\Основы_JavaScript\"
		Debug.AspNetCompiler.TargetPath = "PrecompiledWeb\localhost_57209\"
		Debug.AspNetCompiler.Updateable = "true"
		Debug.AspNetCompiler.ForceOverwrite = "true"
		Debug.AspNetCompiler.FixedNames = "false"
		Debug.AspNetCompiler.Debug = "True"
		Release.AspNetCompiler.VirtualPath = "/localhost_57209"
		Release.AspNetCompiler.PhysicalPath = "..\..\..\Documents\My Web Sites\Основы_JavaScript\"
		Release.AspNetCompiler.TargetPath = "PrecompiledWeb\localhost_57209\"
		Release.AspNetCompiler.Updateable = "true"
		Release.AspNetCompiler.ForceOverwrite = "true"
		Release.AspNetCompiler.FixedNames = "false"
		Release.AspNetCompiler.Debug = "False"
		SlnRelativePath = "..\..\..\Documents\My Web Sites\Основы_JavaScript\"
	EndProjectSection
EndProject
Global
	GlobalSection(SolutionConfigurationPlatforms) = preSolution
		Debug|Any CPU = Debug|Any CPU
	EndGlobalSection
	GlobalSection(ProjectConfigurationPlatforms) = postSolution
		{9F5CCA7D-203C-4229-A976-5208A37048DC}.Debug|Any CPU.ActiveCfg = Debug|Any CPU
		{9F5CCA7D-203C-4229-A976-5208A37048DC}.Debug|Any CPU.Build.0 = Debug|Any CPU
	EndGlobalSection
	GlobalSection(SolutionProperties) = preSolution
		HideSolutionNode = FALSE
	EndGlobalSection
	GlobalSection(ExtensibilityGlobals) = postSolution
		SolutionGuid = {C90E8AB2-0180-40AA-BF79-61FBE7719AC0}
	EndGlobalSection
EndGlobal
